
Microsoft Visual Studio Solution File, Format Version 12.00
# Visual Studio Version 16
VisualStudioVersion = 16.0.32228.343
MinimumVisualStudioVersion = 10.0.40219.1
Project("{FAE04EC0-301F-11D3-BF4B-00C04F79EFBC}") = "WinFormsAppAutoUpdate", "WinFormsAppAutoUpdate\WinFormsAppAutoUpdate.csproj", "{17DC38C3-4090-43EA-AC58-0C4C0A5F03CA}"
EndProject
Global
	GlobalSection(SolutionConfigurationPlatforms) = preSolution
		Debug|Any CPU = Debug|Any CPU
		Release|Any CPU = Release|Any CPU
	EndGlobalSection
	GlobalSection(ProjectConfigurationPlatforms) = postSolution
		{17DC38C3-4090-43EA-AC58-0C4C0A5F03CA}.Debug|Any CPU.ActiveCfg = Debug|Any CPU
		{17DC38C3-4090-43EA-AC58-0C4C0A5F03CA}.Debug|Any CPU.Build.0 = Debug|Any CPU
		{17DC38C3-4090-43EA-AC58-0C4C0A5F03CA}.Release|Any CPU.ActiveCfg = Release|Any CPU
		{17DC38C3-4090-43EA-AC58-0C4C0A5F03CA}.Release|Any CPU.Build.0 = Release|Any CPU
	EndGlobalSection
	GlobalSection(SolutionProperties) = preSolution
		HideSolutionNode = FALSE
	EndGlobalSection
	GlobalSection(ExtensibilityGlobals) = postSolution
		SolutionGuid = {EE977495-7E53-46AD-96F4-358DCBCD800E}
	EndGlobalSection
EndGlobal
